// !$*UTF8*$!
{
	archiveVersion = 1;
	classes = {
	};
	objectVersion = 46;
	objects = {

/* Begin PBXBuildFile section */
		77CBF58B1C7166550007A7EE /* main.m in Sources */ = {isa = PBXBuildFile; fileRef = 77CBF58A1C7166550007A7EE /* main.m */; };
		77CBF58E1C7166550007A7EE /* AppDelegate.m in Sources */ = {isa = PBXBuildFile; fileRef = 77CBF58D1C7166550007A7EE /* AppDelegate.m */; };
		77CBF5911C7166550007A7EE /* ViewController.m in Sources */ = {isa = PBXBuildFile; fileRef = 77CBF5901C7166550007A7EE /* ViewController.m */; };
		77CBF5941C7166550007A7EE /* Main.storyboard in Resources */ = {isa = PBXBuildFile; fileRef = 77CBF5921C7166550007A7EE /* Main.storyboard */; };
		77CBF5961C7166550007A7EE /* Assets.xcassets in Resources */ = {isa = PBXBuildFile; fileRef = 77CBF5951C7166550007A7EE /* Assets.xcassets */; };
		77CBF5991C7166550007A7EE /* LaunchScreen.storyboard in Resources */ = {isa = PBXBuildFile; fileRef = 77CBF5971C7166550007A7EE /* LaunchScreen.storyboard */; };
		77CBF5A21C7168870007A7EE /* DrawingCanvas.m in Sources */ = {isa = PBXBuildFile; fileRef = 77CBF5A11C7168870007A7EE /* DrawingCanvas.m */; };
		77CEB6381C71A9DC0024C94E /* CHColorImageView.m in Sources */ = {isa = PBXBuildFile; fileRef = 77CEB6371C71A9DC0024C94E /* CHColorImageView.m */; };
		77CEB63B1C71C1E80024C94E /* CHColorPickerView.m in Sources */ = {isa = PBXBuildFile; fileRef = 77CEB63A1C71C1E80024C94E /* CHColorPickerView.m */; };
		77CEB64C1C731BC80024C94E /* CHImageSaveController.m in Sources */ = {isa = PBXBuildFile; fileRef = 77CEB64B1C731BC80024C94E /* CHImageSaveController.m */; };
/* End PBXBuildFile section */

/* Begin PBXFileReference section */
		77CBF5861C7166550007A7EE /* DrawingBoard.app */ = {isa = PBXFileReference; explicitFileType = wrapper.application; includeInIndex = 0; path = DrawingBoard.app; sourceTree = BUILT_PRODUCTS_DIR; };
		77CBF58A1C7166550007A7EE /* main.m */ = {isa = PBXFileReference; lastKnownFileType = sourcecode.c.objc; path = main.m; sourceTree = "<group>"; };
		77CBF58C1C7166550007A7EE /* AppDelegate.h */ = {isa = PBXFileReference; lastKnownFileType = sourcecode.c.h; path = AppDelegate.h; sourceTree = "<group>"; };
		77CBF58D1C7166550007A7EE /* AppDelegate.m */ = {isa = PBXFileReference; lastKnownFileType = sourcecode.c.objc; path = AppDelegate.m; sourceTree = "<group>"; };
		77CBF58F1C7166550007A7EE /* ViewController.h */ = {isa = PBXFileReference; lastKnownFileType = sourcecode.c.h; path = ViewController.h; sourceTree = "<group>"; };
		77CBF5901C7166550007A7EE /* ViewController.m */ = {isa = PBXFileReference; lastKnownFileType = sourcecode.c.objc; path = ViewController.m; sourceTree = "<group>"; };
		77CBF5931C7166550007A7EE /* Base */ = {isa = PBXFileReference; lastKnownFileType = file.storyboard; name = Base; path = Base.lproj/Main.storyboard; sourceTree = "<group>"; };
		77CBF5951C7166550007A7EE /* Assets.xcassets */ = {isa = PBXFileReference; lastKnownFileType = folder.assetcatalog; path = Assets.xcassets; sourceTree = "<group>"; };
		77CBF5981C7166550007A7EE /* Base */ = {isa = PBXFileReference; lastKnownFileType = file.storyboard; name = Base; path = Base.lproj/LaunchScreen.storyboard; sourceTree = "<group>"; };
		77CBF59A1C7166550007A7EE /* Info.plist */ = {isa = PBXFileReference; lastKnownFileType = text.plist.xml; path = Info.plist; sourceTree = "<group>"; };
		77CBF5A01C7168870007A7EE /* DrawingCanvas.h */ = {isa = PBXFileReference; fileEncoding = 4; lastKnownFileType = sourcecode.c.h; path = DrawingCanvas.h; sourceTree = "<group>"; };
		77CBF5A11C7168870007A7EE /* DrawingCanvas.m */ = {isa = PBXFileReference; fileEncoding = 4; lastKnownFileType = sourcecode.c.objc; path = DrawingCanvas.m; sourceTree = "<group>"; };
		77CEB6361C71A9DC0024C94E /* CHColorImageView.h */ = {isa = PBXFileReference; fileEncoding = 4; lastKnownFileType = sourcecode.c.h; path = CHColorImageView.h; sourceTree = "<group>"; };
		77CEB6371C71A9DC0024C94E /* CHColorImageView.m */ = {isa = PBXFileReference; fileEncoding = 4; lastKnownFileType = sourcecode.c.objc; path = CHColorImageView.m; sourceTree = "<group>"; };
		77CEB6391C71C1E80024C94E /* CHColorPickerView.h */ = {isa = PBXFileReference; fileEncoding = 4; lastKnownFileType = sourcecode.c.h; path = CHColorPickerView.h; sourceTree = "<group>"; };
		77CEB63A1C71C1E80024C94E /* CHColorPickerView.m */ = {isa = PBXFileReference; fileEncoding = 4; lastKnownFileType = sourcecode.c.objc; path = CHColorPickerView.m; sourceTree = "<group>"; };
		77CEB64A1C731BC80024C94E /* CHImageSaveController.h */ = {isa = PBXFileReference; fileEncoding = 4; lastKnownFileType = sourcecode.c.h; path = CHImageSaveController.h; sourceTree = "<group>"; };
		77CEB64B1C731BC80024C94E /* CHImageSaveController.m */ = {isa = PBXFileReference; fileEncoding = 4; lastKnownFileType = sourcecode.c.objc; path = CHImageSaveController.m; sourceTree = "<group>"; };
/* End PBXFileReference section */

/* Begin PBXFrameworksBuildPhase section */
		77CBF5831C7166550007A7EE /* Frameworks */ = {
			isa = PBXFrameworksBuildPhase;
			buildActionMask = 2147483647;
			files = (
			);
			runOnlyForDeploymentPostprocessing = 0;
		};
/* End PBXFrameworksBuildPhase section */

/* Begin PBXGroup section */
		77CBF57D1C7166550007A7EE = {
			isa = PBXGroup;
			children = (
				77CBF5881C7166550007A7EE /* DrawingBoard */,
				77CBF5871C7166550007A7EE /* Products */,
			);
			sourceTree = "<group>";
		};
		77CBF5871C7166550007A7EE /* Products */ = {
			isa = PBXGroup;
			children = (
				77CBF5861C7166550007A7EE /* DrawingBoard.app */,
			);
			name = Products;
			sourceTree = "<group>";
		};
		77CBF5881C7166550007A7EE /* DrawingBoard */ = {
			isa = PBXGroup;
			children = (
				77CBF58C1C7166550007A7EE /* AppDelegate.h */,
				77CBF58D1C7166550007A7EE /* AppDelegate.m */,
				77CBF58F1C7166550007A7EE /* ViewController.h */,
				77CBF5901C7166550007A7EE /* ViewController.m */,
				77CBF5921C7166550007A7EE /* Main.storyboard */,
				77CBF5951C7166550007A7EE /* Assets.xcassets */,
				77CBF5971C7166550007A7EE /* LaunchScreen.storyboard */,
				77CBF59A1C7166550007A7EE /* Info.plist */,
				77CBF5891C7166550007A7EE /* Supporting Files */,
				77CBF5A01C7168870007A7EE /* DrawingCanvas.h */,
				77CBF5A11C7168870007A7EE /* DrawingCanvas.m */,
				77CEB6361C71A9DC0024C94E /* CHColorImageView.h */,
				77CEB6371C71A9DC0024C94E /* CHColorImageView.m */,
				77CEB6391C71C1E80024C94E /* CHColorPickerView.h */,
				77CEB63A1C71C1E80024C94E /* CHColorPickerView.m */,
				77CEB64A1C731BC80024C94E /* CHImageSaveController.h */,
				77CEB64B1C731BC80024C94E /* CHImageSaveController.m */,
			);
			path = DrawingBoard;
			sourceTree = "<group>";
		};
		77CBF5891C7166550007A7EE /* Supporting Files */ = {
			isa = PBXGroup;
			children = (
				77CBF58A1C7166550007A7EE /* main.m */,
			);
			name = "Supporting Files";
			sourceTree = "<group>";
		};
/* End PBXGroup section */

/* Begin PBXNativeTarget section */
		77CBF5851C7166550007A7EE /* DrawingBoard */ = {
			isa = PBXNativeTarget;
			buildConfigurationList = 77CBF59D1C7166550007A7EE /* Build configuration list for PBXNativeTarget "DrawingBoard" */;
			buildPhases = (
				77CBF5821C7166550007A7EE /* Sources */,
				77CBF5831C7166550007A7EE /* Frameworks */,
				77CBF5841C7166550007A7EE /* Resources */,
			);
			buildRules = (
			);
			dependencies = (
			);
			name = DrawingBoard;
			productName = DrawingBoard;
			productReference = 77CBF5861C7166550007A7EE /* DrawingBoard.app */;
			productType = "com.apple.product-type.application";
		};
/* End PBXNativeTarget section */

/* Begin PBXProject section */
		77CBF57E1C7166550007A7EE /* Project object */ = {
			isa = PBXProject;
			attributes = {
				LastUpgradeCheck = 0720;
				ORGANIZATIONNAME = chunhong.wang;
				TargetAttributes = {
					77CBF5851C7166550007A7EE = {
						CreatedOnToolsVersion = 7.2;
					};
				};
			};
			buildConfigurationList = 77CBF5811C7166550007A7EE /* Build configuration list for PBXProject "DrawingBoard" */;
			compatibilityVersion = "Xcode 3.2";
			developmentRegion = English;
			hasScannedForEncodings = 0;
			knownRegions = (
				en,
				Base,
			);
			mainGroup = 77CBF57D1C7166550007A7EE;
			productRefGroup = 77CBF5871C7166550007A7EE /* Products */;
			projectDirPath = "";
			projectRoot = "";
			targets = (
				77CBF5851C7166550007A7EE /* DrawingBoard */,
			);
		};
/* End PBXProject section */

/* Begin PBXResourcesBuildPhase section */
		77CBF5841C7166550007A7EE /* Resources */ = {
			isa = PBXResourcesBuildPhase;
			buildActionMask = 2147483647;
			files = (
				77CBF5991C7166550007A7EE /* LaunchScreen.storyboard in Resources */,
				77CBF5961C7166550007A7EE /* Assets.xcassets in Resources */,
				77CBF5941C7166550007A7EE /* Main.storyboard in Resources */,
			);
			runOnlyForDeploymentPostprocessing = 0;
		};
/* End PBXResourcesBuildPhase section */

/* Begin PBXSourcesBuildPhase section */
		77CBF5821C7166550007A7EE /* Sources */ = {
			isa = PBXSourcesBuildPhase;
			buildActionMask = 2147483647;
			files = (
				77CEB6381C71A9DC0024C94E /* CHColorImageView.m in Sources */,
				77CBF5911C7166550007A7EE /* ViewController.m in Sources */,
				77CBF58E1C7166550007A7EE /* AppDelegate.m in Sources */,
				77CEB64C1C731BC80024C94E /* CHImageSaveController.m in Sources */,
				77CBF5A21C7168870007A7EE /* DrawingCanvas.m in Sources */,
				77CBF58B1C7166550007A7EE /* main.m in Sources */,
				77CEB63B1C71C1E80024C94E /* CHColorPickerView.m in Sources */,
			);
			runOnlyForDeploymentPostprocessing = 0;
		};
/* End PBXSourcesBuildPhase section */

/* Begin PBXVariantGroup section */
		77CBF5921C7166550007A7EE /* Main.storyboard */ = {
			isa = PBXVariantGroup;
			children = (
				77CBF5931C7166550007A7EE /* Base */,
			);
			name = Main.storyboard;
			sourceTree = "<group>";
		};
		77CBF5971C7166550007A7EE /* LaunchScreen.storyboard */ = {
			isa = PBXVariantGroup;
			children = (
				77CBF5981C7166550007A7EE /* Base */,
			);
			name = LaunchScreen.storyboard;
			sourceTree = "<group>";
		};
/* End PBXVariantGroup section */

/* Begin XCBuildConfiguration section */
		77CBF59B1C7166550007A7EE /* Debug */ = {
			isa = XCBuildConfiguration;
			buildSettings = {
				ALWAYS_SEARCH_USER_PATHS = NO;
				CLANG_CXX_LANGUAGE_STANDARD = "gnu++0x";
				CLANG_CXX_LIBRARY = "libc++";
				CLANG_ENABLE_MODULES = YES;
				CLANG_ENABLE_OBJC_ARC = YES;
				CLANG_WARN_BOOL_CONVERSION = YES;
				CLANG_WARN_CONSTANT_CONVERSION = YES;
				CLANG_WARN_DIRECT_OBJC_ISA_USAGE = YES_ERROR;
				CLANG_WARN_EMPTY_BODY = YES;
				CLANG_WARN_ENUM_CONVERSION = YES;
				CLANG_WARN_INT_CONVERSION = YES;
				CLANG_WARN_OBJC_ROOT_CLASS = YES_ERROR;
				CLANG_WARN_UNREACHABLE_CODE = YES;
				CLANG_WARN__DUPLICATE_METHOD_MATCH = YES;
				"CODE_SIGN_IDENTITY[sdk=iphoneos*]" = "iPhone Developer";
				COPY_PHASE_STRIP = NO;
				DEBUG_INFORMATION_FORMAT = dwarf;
				ENABLE_STRICT_OBJC_MSGSEND = YES;
				ENABLE_TESTABILITY = YES;
				GCC_C_LANGUAGE_STANDARD = gnu99;
				GCC_DYNAMIC_NO_PIC = NO;
				GCC_NO_COMMON_BLOCKS = YES;
				GCC_OPTIMIZATION_LEVEL = 0;
				GCC_PREPROCESSOR_DEFINITIONS = (
					"DEBUG=1",
					"$(inherited)",
				);
				GCC_WARN_64_TO_32_BIT_CONVERSION = YES;
				GCC_WARN_ABOUT_RETURN_TYPE = YES_ERROR;
				GCC_WARN_UNDECLARED_SELECTOR = YES;
				GCC_WARN_UNINITIALIZED_AUTOS = YES_AGGRESSIVE;
				GCC_WARN_UNUSED_FUNCTION = YES;
				GCC_WARN_UNUSED_VARIABLE = YES;
				IPHONEOS_DEPLOYMENT_TARGET = 9.2;
				MTL_ENABLE_DEBUG_INFO = YES;
				ONLY_ACTIVE_ARCH = YES;
				SDKROOT = iphoneos;
				TARGETED_DEVICE_FAMILY = "1,2";
			};
			name = Debug;
		};
		77CBF59C1C7166550007A7EE /* Release */ = {
			isa = XCBuildConfiguration;
			buildSettings = {
				ALWAYS_SEARCH_USER_PATHS = NO;
				CLANG_CXX_LANGUAGE_STANDARD = "gnu++0x";
				CLANG_CXX_LIBRARY = "libc++";
				CLANG_ENABLE_MODULES = YES;
				CLANG_ENABLE_OBJC_ARC = YES;
				CLANG_WARN_BOOL_CONVERSION = YES;
				CLANG_WARN_CONSTANT_CONVERSION = YES;
				CLANG_WARN_DIRECT_OBJC_ISA_USAGE = YES_ERROR;
				CLANG_WARN_EMPTY_BODY = YES;
				CLANG_WARN_ENUM_CONVERSION = YES;
				CLANG_WARN_INT_CONVERSION = YES;
				CLANG_WARN_OBJC_ROOT_CLASS = YES_ERROR;
				CLANG_WARN_UNREACHABLE_CODE = YES;
				CLANG_WARN__DUPLICATE_METHOD_MATCH = YES;
				"CODE_SIGN_IDENTITY[sdk=iphoneos*]" = "iPhone Developer";
				COPY_PHASE_STRIP = NO;
				DEBUG_INFORMATION_FORMAT = "dwarf-with-dsym";
				ENABLE_NS_ASSERTIONS = NO;
				ENABLE_STRICT_OBJC_MSGSEND = YES;
				GCC_C_LANGUAGE_STANDARD = gnu99;
				GCC_NO_COMMON_BLOCKS = YES;
				GCC_WARN_64_TO_32_BIT_CONVERSION = YES;
				GCC_WARN_ABOUT_RETURN_TYPE = YES_ERROR;
				GCC_WARN_UNDECLARED_SELECTOR = YES;
				GCC_WARN_UNINITIALIZED_AUTOS = YES_AGGRESSIVE;
				GCC_WARN_UNUSED_FUNCTION = YES;
				GCC_WARN_UNUSED_VARIABLE = YES;
				IPHONEOS_DEPLOYMENT_TARGET = 9.2;
				MTL_ENABLE_DEBUG_INFO = NO;
				SDKROOT = iphoneos;
				TARGETED_DEVICE_FAMILY = "1,2";
				VALIDATE_PRODUCT = YES;
			};
			name = Release;
		};
		77CBF59E1C7166550007A7EE /* Debug */ = {
			isa = XCBuildConfiguration;
			buildSettings = {
				ASSETCATALOG_COMPILER_APPICON_NAME = AppIcon;
				INFOPLIST_FILE = DrawingBoard/Info.plist;
				LD_RUNPATH_SEARCH_PATHS = "$(inherited) @executable_path/Frameworks";
				PRODUCT_BUNDLE_IDENTIFIER = chunhong.wang.DrawingBoard;
				PRODUCT_NAME = "$(TARGET_NAME)";
			};
			name = Debug;
		};
		77CBF59F1C7166550007A7EE /* Release */ = {
			isa = XCBuildConfiguration;
			buildSettings = {
				ASSETCATALOG_COMPILER_APPICON_NAME = AppIcon;
				INFOPLIST_FILE = DrawingBoard/Info.plist;
				LD_RUNPATH_SEARCH_PATHS = "$(inherited) @executable_path/Frameworks";
				PRODUCT_BUNDLE_IDENTIFIER = chunhong.wang.DrawingBoard;
				PRODUCT_NAME = "$(TARGET_NAME)";
			};
			name = Release;
		};
/* End XCBuildConfiguration section */

/* Begin XCConfigurationList section */
		77CBF5811C7166550007A7EE /* Build configuration list for PBXProject "DrawingBoard" */ = {
			isa = XCConfigurationList;
			buildConfigurations = (
				77CBF59B1C7166550007A7EE /* Debug */,
				77CBF59C1C7166550007A7EE /* Release */,
			);
			defaultConfigurationIsVisible = 0;
			defaultConfigurationName = Release;
		};
		77CBF59D1C7166550007A7EE /* Build configuration list for PBXNativeTarget "DrawingBoard" */ = {
			isa = XCConfigurationList;
			buildConfigurations = (
				77CBF59E1C7166550007A7EE /* Debug */,
				77CBF59F1C7166550007A7EE /* Release */,
			);
			defaultConfigurationIsVisible = 0;
			defaultConfigurationName = Release;
		};
/* End XCConfigurationList section */
	};
	rootObject = 77CBF57E1C7166550007A7EE /* Project object */;
}
